
Microsoft Visual Studio Solution File, Format Version 12.00
# Visual Studio Version 17
VisualStudioVersion = 17.8.34322.80
MinimumVisualStudioVersion = 10.0.40219.1
Project("{FAE04EC0-301F-11D3-BF4B-00C04F79EFBC}") = "HackerNewsStories", "HackerNewsStories.csproj", "{7260F7AD-EA6D-4A5B-ABBD-27AC293E48EF}"
EndProject
Global
	GlobalSection(SolutionConfigurationPlatforms) = preSolution
		Debug|Any CPU = Debug|Any CPU
		Release|Any CPU = Release|Any CPU
	EndGlobalSection
	GlobalSection(ProjectConfigurationPlatforms) = postSolution
		{7260F7AD-EA6D-4A5B-ABBD-27AC293E48EF}.Debug|Any CPU.ActiveCfg = Debug|Any CPU
		{7260F7AD-EA6D-4A5B-ABBD-27AC293E48EF}.Debug|Any CPU.Build.0 = Debug|Any CPU
		{7260F7AD-EA6D-4A5B-ABBD-27AC293E48EF}.Release|Any CPU.ActiveCfg = Release|Any CPU
		{7260F7AD-EA6D-4A5B-ABBD-27AC293E48EF}.Release|Any CPU.Build.0 = Release|Any CPU
	EndGlobalSection
	GlobalSection(SolutionProperties) = preSolution
		HideSolutionNode = FALSE
	EndGlobalSection
	GlobalSection(ExtensibilityGlobals) = postSolution
		SolutionGuid = {760F0498-C8F5-45AA-9C08-A22C6CCC04EE}
	EndGlobalSection
EndGlobal
